
Microsoft Visual Studio Solution File, Format Version 12.00
# Visual Studio Version 17
VisualStudioVersion = 17.3.32901.215
MinimumVisualStudioVersion = 10.0.40219.1
Project("{2150E333-8FDC-42A3-9474-1A3956D46DE8}") = "Solution Items", "Solution Items", "{578D4DF8-05A5-4031-AA6C-5AC884BB0827}"
	ProjectSection(SolutionItems) = preProject
		.gitignore = .gitignore
		ReadMe.txt = ReadMe.txt
	EndProjectSection
EndProject
Project("{9A19103F-16F7-4668-BE54-9A1E7A4F7556}") = "ECommerce.Api.Customers", "ECommerce.Api.Customers\ECommerce.Api.Customers.csproj", "{85DDDE07-DA48-4245-B49B-D1D2A6B505DC}"
EndProject
Global
	GlobalSection(SolutionConfigurationPlatforms) = preSolution
		Debug|Any CPU = Debug|Any CPU
		Release|Any CPU = Release|Any CPU
	EndGlobalSection
	GlobalSection(ProjectConfigurationPlatforms) = postSolution
		{85DDDE07-DA48-4245-B49B-D1D2A6B505DC}.Debug|Any CPU.ActiveCfg = Debug|Any CPU
		{85DDDE07-DA48-4245-B49B-D1D2A6B505DC}.Debug|Any CPU.Build.0 = Debug|Any CPU
		{85DDDE07-DA48-4245-B49B-D1D2A6B505DC}.Release|Any CPU.ActiveCfg = Release|Any CPU
		{85DDDE07-DA48-4245-B49B-D1D2A6B505DC}.Release|Any CPU.Build.0 = Release|Any CPU
	EndGlobalSection
	GlobalSection(SolutionProperties) = preSolution
		HideSolutionNode = FALSE
	EndGlobalSection
	GlobalSection(ExtensibilityGlobals) = postSolution
		SolutionGuid = {9BF4AB13-28D8-4C02-AD81-EDB33D799C44}
	EndGlobalSection
EndGlobal
